// !$*UTF8*$!
{
	archiveVersion = 1;
	classes = {
	};
	objectVersion = 46;
	objects = {

/* Begin PBXBuildFile section */
		C19A4A91A703473FBB359763 /* libPods.a in Frameworks */ = {isa = PBXBuildFile; fileRef = DFCD1015AE6F4C97AFDB8962 /* libPods.a */; };
		E57AC38618618D8E00BDE659 /* AdjustFilterButtonCell.xib in Resources */ = {isa = PBXBuildFile; fileRef = E57AC34F18618D8E00BDE659 /* AdjustFilterButtonCell.xib */; };
		E57AC38718618D8E00BDE659 /* AdjustFilterSliderCell.xib in Resources */ = {isa = PBXBuildFile; fileRef = E57AC35018618D8E00BDE659 /* AdjustFilterSliderCell.xib */; };
		E57AC38818618D8E00BDE659 /* AdjustFilterSwitchCell.xib in Resources */ = {isa = PBXBuildFile; fileRef = E57AC35118618D8E00BDE659 /* AdjustFilterSwitchCell.xib */; };
		E57AC38918618D8E00BDE659 /* AdjustFilterTitleCell.xib in Resources */ = {isa = PBXBuildFile; fileRef = E57AC35218618D8E00BDE659 /* AdjustFilterTitleCell.xib */; };
		E57AC38A18618D8E00BDE659 /* AdjustFilterViewController_iPad.xib in Resources */ = {isa = PBXBuildFile; fileRef = E57AC35318618D8E00BDE659 /* AdjustFilterViewController_iPad.xib */; };
		E57AC38B18618D8E00BDE659 /* AdjustFilterViewController.m in Sources */ = {isa = PBXBuildFile; fileRef = E57AC35518618D8E00BDE659 /* AdjustFilterViewController.m */; };
		E57AC38D18618D8E00BDE659 /* AssetsGroupViewController.m in Sources */ = {isa = PBXBuildFile; fileRef = E57AC35818618D8E00BDE659 /* AssetsGroupViewController.m */; };
		E57AC38E18618D8E00BDE659 /* CameraViewController.m in Sources */ = {isa = PBXBuildFile; fileRef = E57AC35A18618D8E00BDE659 /* CameraViewController.m */; };
		E57AC39018618D8E00BDE659 /* CropViewController.m in Sources */ = {isa = PBXBuildFile; fileRef = E57AC35D18618D8E00BDE659 /* CropViewController.m */; };
		E57AC39218618D8E00BDE659 /* CustomAssetsGroupView.xib in Resources */ = {isa = PBXBuildFile; fileRef = E57AC35F18618D8E00BDE659 /* CustomAssetsGroupView.xib */; };
		E57AC39318618D8E00BDE659 /* CustomAssetThumbnailView.xib in Resources */ = {isa = PBXBuildFile; fileRef = E57AC36018618D8E00BDE659 /* CustomAssetThumbnailView.xib */; };
		E57AC39418618D8E00BDE659 /* CustomGPUImageFilterProvider.m in Sources */ = {isa = PBXBuildFile; fileRef = E57AC36218618D8E00BDE659 /* CustomGPUImageFilterProvider.m */; };
		E57AC39518618D8E00BDE659 /* GalleryViewController.m in Sources */ = {isa = PBXBuildFile; fileRef = E57AC36418618D8E00BDE659 /* GalleryViewController.m */; };
		E57AC39718618D8E00BDE659 /* LibraryViewController.m in Sources */ = {isa = PBXBuildFile; fileRef = E57AC36718618D8E00BDE659 /* LibraryViewController.m */; };
		E57AC39818618D8E00BDE659 /* PickerTestsViewController.m in Sources */ = {isa = PBXBuildFile; fileRef = E57AC36918618D8E00BDE659 /* PickerTestsViewController.m */; };
		E57AC39A18618D8E00BDE659 /* PresetFilterViewController.m in Sources */ = {isa = PBXBuildFile; fileRef = E57AC36C18618D8E00BDE659 /* PresetFilterViewController.m */; };
		E57AC39C18618D8E00BDE659 /* FA_Curves1.acv in Resources */ = {isa = PBXBuildFile; fileRef = E57AC36F18618D8E00BDE659 /* FA_Curves1.acv */; };
		E57AC39D18618D8E00BDE659 /* FA_Curves2.acv in Resources */ = {isa = PBXBuildFile; fileRef = E57AC37018618D8E00BDE659 /* FA_Curves2.acv */; };
		E57AC39E18618D8E00BDE659 /* FA_Curves3.acv in Resources */ = {isa = PBXBuildFile; fileRef = E57AC37118618D8E00BDE659 /* FA_Curves3.acv */; };
		E57AC39F18618D8E00BDE659 /* frame.png in Resources */ = {isa = PBXBuildFile; fileRef = E57AC37218618D8E00BDE659 /* frame.png */; };
		E57AC3A018618D8E00BDE659 /* Old.acv in Resources */ = {isa = PBXBuildFile; fileRef = E57AC37318618D8E00BDE659 /* Old.acv */; };
		E57AC3A118618D8E00BDE659 /* photo.jpg in Resources */ = {isa = PBXBuildFile; fileRef = E57AC37418618D8E00BDE659 /* photo.jpg */; };
		E57AC3A218618D8E00BDE659 /* photo_hires.jpg in Resources */ = {isa = PBXBuildFile; fileRef = E57AC37518618D8E00BDE659 /* photo_hires.jpg */; };
		E57AC3A318618D8E00BDE659 /* RJ16.acv in Resources */ = {isa = PBXBuildFile; fileRef = E57AC37618618D8E00BDE659 /* RJ16.acv */; };
		E57AC3A418618D8E00BDE659 /* RJ17.acv in Resources */ = {isa = PBXBuildFile; fileRef = E57AC37718618D8E00BDE659 /* RJ17.acv */; };
		E57AC3A518618D8E00BDE659 /* RJ18.acv in Resources */ = {isa = PBXBuildFile; fileRef = E57AC37818618D8E00BDE659 /* RJ18.acv */; };
		E57AC3A618618D8E00BDE659 /* RJ19.acv in Resources */ = {isa = PBXBuildFile; fileRef = E57AC37918618D8E00BDE659 /* RJ19.acv */; };
		E57AC3A718618D8E00BDE659 /* RJ20.acv in Resources */ = {isa = PBXBuildFile; fileRef = E57AC37A18618D8E00BDE659 /* RJ20.acv */; };
		E57AC3A818618D8E00BDE659 /* RJ21.acv in Resources */ = {isa = PBXBuildFile; fileRef = E57AC37B18618D8E00BDE659 /* RJ21.acv */; };
		E57AC3A918618D8E00BDE659 /* RJ22.acv in Resources */ = {isa = PBXBuildFile; fileRef = E57AC37C18618D8E00BDE659 /* RJ22.acv */; };
		E57AC3AA18618D8E00BDE659 /* RJ23.acv in Resources */ = {isa = PBXBuildFile; fileRef = E57AC37D18618D8E00BDE659 /* RJ23.acv */; };
		E57AC3AB18618D8E00BDE659 /* RJ24.acv in Resources */ = {isa = PBXBuildFile; fileRef = E57AC37E18618D8E00BDE659 /* RJ24.acv */; };
		E57AC3AC18618D8E00BDE659 /* RJ25.acv in Resources */ = {isa = PBXBuildFile; fileRef = E57AC37F18618D8E00BDE659 /* RJ25.acv */; };
		E57AC3AD18618D8E00BDE659 /* RJ26.acv in Resources */ = {isa = PBXBuildFile; fileRef = E57AC38018618D8E00BDE659 /* RJ26.acv */; };
		E57AC3AE18618D8E00BDE659 /* RJ27.acv in Resources */ = {isa = PBXBuildFile; fileRef = E57AC38118618D8E00BDE659 /* RJ27.acv */; };
		E57AC3AF18618D8E00BDE659 /* RJ28.acv in Resources */ = {isa = PBXBuildFile; fileRef = E57AC38218618D8E00BDE659 /* RJ28.acv */; };
		E57AC3B018618D8E00BDE659 /* RJ29.acv in Resources */ = {isa = PBXBuildFile; fileRef = E57AC38318618D8E00BDE659 /* RJ29.acv */; };
		E57AC3B118618D8E00BDE659 /* RJ30.acv in Resources */ = {isa = PBXBuildFile; fileRef = E57AC38418618D8E00BDE659 /* RJ30.acv */; };
		E57AC3B218618D8E00BDE659 /* Toy.acv in Resources */ = {isa = PBXBuildFile; fileRef = E57AC38518618D8E00BDE659 /* Toy.acv */; };
		E58078D819FF9790008819CA /* AdjustFilterViewController.xib in Resources */ = {isa = PBXBuildFile; fileRef = E58078D719FF9790008819CA /* AdjustFilterViewController.xib */; };
		E58DA585184339C100D60BBC /* Foundation.framework in Frameworks */ = {isa = PBXBuildFile; fileRef = E58DA584184339C100D60BBC /* Foundation.framework */; };
		E58DA587184339C100D60BBC /* CoreGraphics.framework in Frameworks */ = {isa = PBXBuildFile; fileRef = E58DA586184339C100D60BBC /* CoreGraphics.framework */; };
		E58DA589184339C100D60BBC /* UIKit.framework in Frameworks */ = {isa = PBXBuildFile; fileRef = E58DA588184339C100D60BBC /* UIKit.framework */; };
		E58DA58F184339C100D60BBC /* InfoPlist.strings in Resources */ = {isa = PBXBuildFile; fileRef = E58DA58D184339C100D60BBC /* InfoPlist.strings */; };
		E58DA591184339C100D60BBC /* main.m in Sources */ = {isa = PBXBuildFile; fileRef = E58DA590184339C100D60BBC /* main.m */; };
		E58DA595184339C100D60BBC /* AppDelegate.m in Sources */ = {isa = PBXBuildFile; fileRef = E58DA594184339C100D60BBC /* AppDelegate.m */; };
		E58DA598184339C100D60BBC /* Main.storyboard in Resources */ = {isa = PBXBuildFile; fileRef = E58DA596184339C100D60BBC /* Main.storyboard */; };
		E58DA5A3184339C100D60BBC /* Images.xcassets in Resources */ = {isa = PBXBuildFile; fileRef = E58DA5A2184339C100D60BBC /* Images.xcassets */; };
/* End PBXBuildFile section */

/* Begin PBXFileReference section */
		DFCD1015AE6F4C97AFDB8962 /* libPods.a */ = {isa = PBXFileReference; explicitFileType = archive.ar; includeInIndex = 0; path = libPods.a; sourceTree = BUILT_PRODUCTS_DIR; };
		E57AC34F18618D8E00BDE659 /* AdjustFilterButtonCell.xib */ = {isa = PBXFileReference; fileEncoding = 4; lastKnownFileType = file.xib; path = AdjustFilterButtonCell.xib; sourceTree = "<group>"; };
		E57AC35018618D8E00BDE659 /* AdjustFilterSliderCell.xib */ = {isa = PBXFileReference; fileEncoding = 4; lastKnownFileType = file.xib; path = AdjustFilterSliderCell.xib; sourceTree = "<group>"; };
		E57AC35118618D8E00BDE659 /* AdjustFilterSwitchCell.xib */ = {isa = PBXFileReference; fileEncoding = 4; lastKnownFileType = file.xib; path = AdjustFilterSwitchCell.xib; sourceTree = "<group>"; };
		E57AC35218618D8E00BDE659 /* AdjustFilterTitleCell.xib */ = {isa = PBXFileReference; fileEncoding = 4; lastKnownFileType = file.xib; path = AdjustFilterTitleCell.xib; sourceTree = "<group>"; };
		E57AC35318618D8E00BDE659 /* AdjustFilterViewController_iPad.xib */ = {isa = PBXFileReference; fileEncoding = 4; lastKnownFileType = file.xib; path = AdjustFilterViewController_iPad.xib; sourceTree = "<group>"; };
		E57AC35418618D8E00BDE659 /* AdjustFilterViewController.h */ = {isa = PBXFileReference; fileEncoding = 4; lastKnownFileType = sourcecode.c.h; path = AdjustFilterViewController.h; sourceTree = "<group>"; };
		E57AC35518618D8E00BDE659 /* AdjustFilterViewController.m */ = {isa = PBXFileReference; fileEncoding = 4; lastKnownFileType = sourcecode.c.objc; path = AdjustFilterViewController.m; sourceTree = "<group>"; };
		E57AC35718618D8E00BDE659 /* AssetsGroupViewController.h */ = {isa = PBXFileReference; fileEncoding = 4; lastKnownFileType = sourcecode.c.h; path = AssetsGroupViewController.h; sourceTree = "<group>"; };
		E57AC35818618D8E00BDE659 /* AssetsGroupViewController.m */ = {isa = PBXFileReference; fileEncoding = 4; lastKnownFileType = sourcecode.c.objc; path = AssetsGroupViewController.m; sourceTree = "<group>"; };
		E57AC35918618D8E00BDE659 /* CameraViewController.h */ = {isa = PBXFileReference; fileEncoding = 4; lastKnownFileType = sourcecode.c.h; path = CameraViewController.h; sourceTree = "<group>"; };
		E57AC35A18618D8E00BDE659 /* CameraViewController.m */ = {isa = PBXFileReference; fileEncoding = 4; lastKnownFileType = sourcecode.c.objc; path = CameraViewController.m; sourceTree = "<group>"; };
		E57AC35C18618D8E00BDE659 /* CropViewController.h */ = {isa = PBXFileReference; fileEncoding = 4; lastKnownFileType = sourcecode.c.h; path = CropViewController.h; sourceTree = "<group>"; };
		E57AC35D18618D8E00BDE659 /* CropViewController.m */ = {isa = PBXFileReference; fileEncoding = 4; lastKnownFileType = sourcecode.c.objc; path = CropViewController.m; sourceTree = "<group>"; };
		E57AC35F18618D8E00BDE659 /* CustomAssetsGroupView.xib */ = {isa = PBXFileReference; fileEncoding = 4; lastKnownFileType = file.xib; path = CustomAssetsGroupView.xib; sourceTree = "<group>"; };
		E57AC36018618D8E00BDE659 /* CustomAssetThumbnailView.xib */ = {isa = PBXFileReference; fileEncoding = 4; lastKnownFileType = file.xib; path = CustomAssetThumbnailView.xib; sourceTree = "<group>"; };
		E57AC36118618D8E00BDE659 /* CustomGPUImageFilterProvider.h */ = {isa = PBXFileReference; fileEncoding = 4; lastKnownFileType = sourcecode.c.h; path = CustomGPUImageFilterProvider.h; sourceTree = "<group>"; };
		E57AC36218618D8E00BDE659 /* CustomGPUImageFilterProvider.m */ = {isa = PBXFileReference; fileEncoding = 4; lastKnownFileType = sourcecode.c.objc; path = CustomGPUImageFilterProvider.m; sourceTree = "<group>"; };
		E57AC36318618D8E00BDE659 /* GalleryViewController.h */ = {isa = PBXFileReference; fileEncoding = 4; lastKnownFileType = sourcecode.c.h; path = GalleryViewController.h; sourceTree = "<group>"; };
		E57AC36418618D8E00BDE659 /* GalleryViewController.m */ = {isa = PBXFileReference; fileEncoding = 4; lastKnownFileType = sourcecode.c.objc; path = GalleryViewController.m; sourceTree = "<group>"; };
		E57AC36618618D8E00BDE659 /* LibraryViewController.h */ = {isa = PBXFileReference; fileEncoding = 4; lastKnownFileType = sourcecode.c.h; path = LibraryViewController.h; sourceTree = "<group>"; };
		E57AC36718618D8E00BDE659 /* LibraryViewController.m */ = {isa = PBXFileReference; fileEncoding = 4; lastKnownFileType = sourcecode.c.objc; path = LibraryViewController.m; sourceTree = "<group>"; };
		E57AC36818618D8E00BDE659 /* PickerTestsViewController.h */ = {isa = PBXFileReference; fileEncoding = 4; lastKnownFileType = sourcecode.c.h; path = PickerTestsViewController.h; sourceTree = "<group>"; };
		E57AC36918618D8E00BDE659 /* PickerTestsViewController.m */ = {isa = PBXFileReference; fileEncoding = 4; lastKnownFileType = sourcecode.c.objc; path = PickerTestsViewController.m; sourceTree = "<group>"; };
		E57AC36B18618D8E00BDE659 /* PresetFilterViewController.h */ = {isa = PBXFileReference; fileEncoding = 4; lastKnownFileType = sourcecode.c.h; path = PresetFilterViewController.h; sourceTree = "<group>"; };
		E57AC36C18618D8E00BDE659 /* PresetFilterViewController.m */ = {isa = PBXFileReference; fileEncoding = 4; lastKnownFileType = sourcecode.c.objc; path = PresetFilterViewController.m; sourceTree = "<group>"; };
		E57AC36F18618D8E00BDE659 /* FA_Curves1.acv */ = {isa = PBXFileReference; lastKnownFileType = file; path = FA_Curves1.acv; sourceTree = "<group>"; };
		E57AC37018618D8E00BDE659 /* FA_Curves2.acv */ = {isa = PBXFileReference; lastKnownFileType = file; path = FA_Curves2.acv; sourceTree = "<group>"; };
		E57AC37118618D8E00BDE659 /* FA_Curves3.acv */ = {isa = PBXFileReference; lastKnownFileType = file; path = FA_Curves3.acv; sourceTree = "<group>"; };
		E57AC37218618D8E00BDE659 /* frame.png */ = {isa = PBXFileReference; lastKnownFileType = image.png; path = frame.png; sourceTree = "<group>"; };
		E57AC37318618D8E00BDE659 /* Old.acv */ = {isa = PBXFileReference; lastKnownFileType = file; path = Old.acv; sourceTree = "<group>"; };
		E57AC37418618D8E00BDE659 /* photo.jpg */ = {isa = PBXFileReference; lastKnownFileType = image.jpeg; path = photo.jpg; sourceTree = "<group>"; };
		E57AC37518618D8E00BDE659 /* photo_hires.jpg */ = {isa = PBXFileReference; lastKnownFileType = image.jpeg; path = photo_hires.jpg; sourceTree = "<group>"; };
		E57AC37618618D8E00BDE659 /* RJ16.acv */ = {isa = PBXFileReference; lastKnownFileType = file; path = RJ16.acv; sourceTree = "<group>"; };
		E57AC37718618D8E00BDE659 /* RJ17.acv */ = {isa = PBXFileReference; lastKnownFileType = file; path = RJ17.acv; sourceTree = "<group>"; };
		E57AC37818618D8E00BDE659 /* RJ18.acv */ = {isa = PBXFileReference; lastKnownFileType = file; path = RJ18.acv; sourceTree = "<group>"; };
		E57AC37918618D8E00BDE659 /* RJ19.acv */ = {isa = PBXFileReference; lastKnownFileType = file; path = RJ19.acv; sourceTree = "<group>"; };
		E57AC37A18618D8E00BDE659 /* RJ20.acv */ = {isa = PBXFileReference; lastKnownFileType = file; path = RJ20.acv; sourceTree = "<group>"; };
		E57AC37B18618D8E00BDE659 /* RJ21.acv */ = {isa = PBXFileReference; lastKnownFileType = file; path = RJ21.acv; sourceTree = "<group>"; };
		E57AC37C18618D8E00BDE659 /* RJ22.acv */ = {isa = PBXFileReference; lastKnownFileType = file; path = RJ22.acv; sourceTree = "<group>"; };
		E57AC37D18618D8E00BDE659 /* RJ23.acv */ = {isa = PBXFileReference; lastKnownFileType = file; path = RJ23.acv; sourceTree = "<group>"; };
		E57AC37E18618D8E00BDE659 /* RJ24.acv */ = {isa = PBXFileReference; lastKnownFileType = file; path = RJ24.acv; sourceTree = "<group>"; };
		E57AC37F18618D8E00BDE659 /* RJ25.acv */ = {isa = PBXFileReference; lastKnownFileType = file; path = RJ25.acv; sourceTree = "<group>"; };
		E57AC38018618D8E00BDE659 /* RJ26.acv */ = {isa = PBXFileReference; lastKnownFileType = file; path = RJ26.acv; sourceTree = "<group>"; };
		E57AC38118618D8E00BDE659 /* RJ27.acv */ = {isa = PBXFileReference; lastKnownFileType = file; path = RJ27.acv; sourceTree = "<group>"; };
		E57AC38218618D8E00BDE659 /* RJ28.acv */ = {isa = PBXFileReference; lastKnownFileType = file; path = RJ28.acv; sourceTree = "<group>"; };
		E57AC38318618D8E00BDE659 /* RJ29.acv */ = {isa = PBXFileReference; lastKnownFileType = file; path = RJ29.acv; sourceTree = "<group>"; };
		E57AC38418618D8E00BDE659 /* RJ30.acv */ = {isa = PBXFileReference; lastKnownFileType = file; path = RJ30.acv; sourceTree = "<group>"; };
		E57AC38518618D8E00BDE659 /* Toy.acv */ = {isa = PBXFileReference; lastKnownFileType = file; path = Toy.acv; sourceTree = "<group>"; };
		E57FDDF519CAC50A0011B4E5 /* ja */ = {isa = PBXFileReference; lastKnownFileType = text.plist.strings; name = ja; path = ja.lproj/InfoPlist.strings; sourceTree = "<group>"; };
		E58078D719FF9790008819CA /* AdjustFilterViewController.xib */ = {isa = PBXFileReference; fileEncoding = 4; lastKnownFileType = file.xib; path = AdjustFilterViewController.xib; sourceTree = "<group>"; };
		E58DA581184339C100D60BBC /* PickerDemo.app */ = {isa = PBXFileReference; explicitFileType = wrapper.application; includeInIndex = 0; path = PickerDemo.app; sourceTree = BUILT_PRODUCTS_DIR; };
		E58DA584184339C100D60BBC /* Foundation.framework */ = {isa = PBXFileReference; lastKnownFileType = wrapper.framework; name = Foundation.framework; path = System/Library/Frameworks/Foundation.framework; sourceTree = SDKROOT; };
		E58DA586184339C100D60BBC /* CoreGraphics.framework */ = {isa = PBXFileReference; lastKnownFileType = wrapper.framework; name = CoreGraphics.framework; path = System/Library/Frameworks/CoreGraphics.framework; sourceTree = SDKROOT; };
		E58DA588184339C100D60BBC /* UIKit.framework */ = {isa = PBXFileReference; lastKnownFileType = wrapper.framework; name = UIKit.framework; path = System/Library/Frameworks/UIKit.framework; sourceTree = SDKROOT; };
		E58DA58C184339C100D60BBC /* PickerDemo-Info.plist */ = {isa = PBXFileReference; lastKnownFileType = text.plist.xml; path = "PickerDemo-Info.plist"; sourceTree = "<group>"; };
		E58DA58E184339C100D60BBC /* en */ = {isa = PBXFileReference; lastKnownFileType = text.plist.strings; name = en; path = en.lproj/InfoPlist.strings; sourceTree = "<group>"; };
		E58DA590184339C100D60BBC /* main.m */ = {isa = PBXFileReference; lastKnownFileType = sourcecode.c.objc; path = main.m; sourceTree = "<group>"; };
		E58DA592184339C100D60BBC /* PickerDemo-Prefix.pch */ = {isa = PBXFileReference; lastKnownFileType = sourcecode.c.h; path = "PickerDemo-Prefix.pch"; sourceTree = "<group>"; };
		E58DA593184339C100D60BBC /* AppDelegate.h */ = {isa = PBXFileReference; lastKnownFileType = sourcecode.c.h; path = AppDelegate.h; sourceTree = "<group>"; };
		E58DA594184339C100D60BBC /* AppDelegate.m */ = {isa = PBXFileReference; lastKnownFileType = sourcecode.c.objc; path = AppDelegate.m; sourceTree = "<group>"; };
		E58DA5A2184339C100D60BBC /* Images.xcassets */ = {isa = PBXFileReference; lastKnownFileType = folder.assetcatalog; path = Images.xcassets; sourceTree = "<group>"; };
		E58DA5A9184339C100D60BBC /* XCTest.framework */ = {isa = PBXFileReference; lastKnownFileType = wrapper.framework; name = XCTest.framework; path = Library/Frameworks/XCTest.framework; sourceTree = DEVELOPER_DIR; };
		E58DA5BF18433FA900D60BBC /* en */ = {isa = PBXFileReference; lastKnownFileType = file.storyboard; name = en; path = en.lproj/Main.storyboard; sourceTree = "<group>"; };
		EBDDA42323D60D362D548DDD /* Pods.release.xcconfig */ = {isa = PBXFileReference; includeInIndex = 1; lastKnownFileType = text.xcconfig; name = Pods.release.xcconfig; path = "Pods/Target Support Files/Pods/Pods.release.xcconfig"; sourceTree = "<group>"; };
		F4561B72539D02C0EFDD6055 /* Pods.debug.xcconfig */ = {isa = PBXFileReference; includeInIndex = 1; lastKnownFileType = text.xcconfig; name = Pods.debug.xcconfig; path = "Pods/Target Support Files/Pods/Pods.debug.xcconfig"; sourceTree = "<group>"; };
/* End PBXFileReference section */

/* Begin PBXFrameworksBuildPhase section */
		E58DA57E184339C100D60BBC /* Frameworks */ = {
			isa = PBXFrameworksBuildPhase;
			buildActionMask = 2147483647;
			files = (
				E58DA587184339C100D60BBC /* CoreGraphics.framework in Frameworks */,
				E58DA589184339C100D60BBC /* UIKit.framework in Frameworks */,
				E58DA585184339C100D60BBC /* Foundation.framework in Frameworks */,
				C19A4A91A703473FBB359763 /* libPods.a in Frameworks */,
			);
			runOnlyForDeploymentPostprocessing = 0;
		};
/* End PBXFrameworksBuildPhase section */

/* Begin PBXGroup section */
		2BD5EDB130050A97241322AE /* Pods */ = {
			isa = PBXGroup;
			children = (
				F4561B72539D02C0EFDD6055 /* Pods.debug.xcconfig */,
				EBDDA42323D60D362D548DDD /* Pods.release.xcconfig */,
			);
			name = Pods;
			sourceTree = "<group>";
		};
		E57AC36E18618D8E00BDE659 /* Resources */ = {
			isa = PBXGroup;
			children = (
				E57AC37218618D8E00BDE659 /* frame.png */,
				E57AC37418618D8E00BDE659 /* photo.jpg */,
				E57AC37518618D8E00BDE659 /* photo_hires.jpg */,
				E57AC36F18618D8E00BDE659 /* FA_Curves1.acv */,
				E57AC37018618D8E00BDE659 /* FA_Curves2.acv */,
				E57AC37118618D8E00BDE659 /* FA_Curves3.acv */,
				E57AC37318618D8E00BDE659 /* Old.acv */,
				E57AC37618618D8E00BDE659 /* RJ16.acv */,
				E57AC37718618D8E00BDE659 /* RJ17.acv */,
				E57AC37818618D8E00BDE659 /* RJ18.acv */,
				E57AC37918618D8E00BDE659 /* RJ19.acv */,
				E57AC37A18618D8E00BDE659 /* RJ20.acv */,
				E57AC37B18618D8E00BDE659 /* RJ21.acv */,
				E57AC37C18618D8E00BDE659 /* RJ22.acv */,
				E57AC37D18618D8E00BDE659 /* RJ23.acv */,
				E57AC37E18618D8E00BDE659 /* RJ24.acv */,
				E57AC37F18618D8E00BDE659 /* RJ25.acv */,
				E57AC38018618D8E00BDE659 /* RJ26.acv */,
				E57AC38118618D8E00BDE659 /* RJ27.acv */,
				E57AC38218618D8E00BDE659 /* RJ28.acv */,
				E57AC38318618D8E00BDE659 /* RJ29.acv */,
				E57AC38418618D8E00BDE659 /* RJ30.acv */,
				E57AC38518618D8E00BDE659 /* Toy.acv */,
			);
			path = Resources;
			sourceTree = "<group>";
		};
		E58DA578184339C100D60BBC = {
			isa = PBXGroup;
			children = (
				E58DA58A184339C100D60BBC /* PickerDemo */,
				E58DA583184339C100D60BBC /* Frameworks */,
				E58DA582184339C100D60BBC /* Products */,
				2BD5EDB130050A97241322AE /* Pods */,
			);
			sourceTree = "<group>";
		};
		E58DA582184339C100D60BBC /* Products */ = {
			isa = PBXGroup;
			children = (
				E58DA581184339C100D60BBC /* PickerDemo.app */,
			);
			name = Products;
			sourceTree = "<group>";
		};
		E58DA583184339C100D60BBC /* Frameworks */ = {
			isa = PBXGroup;
			children = (
				E58DA584184339C100D60BBC /* Foundation.framework */,
				E58DA586184339C100D60BBC /* CoreGraphics.framework */,
				E58DA588184339C100D60BBC /* UIKit.framework */,
				E58DA5A9184339C100D60BBC /* XCTest.framework */,
				DFCD1015AE6F4C97AFDB8962 /* libPods.a */,
			);
			name = Frameworks;
			sourceTree = "<group>";
		};
		E58DA58A184339C100D60BBC /* PickerDemo */ = {
			isa = PBXGroup;
			children = (
				E58DA593184339C100D60BBC /* AppDelegate.h */,
				E58DA594184339C100D60BBC /* AppDelegate.m */,
				E58DA596184339C100D60BBC /* Main.storyboard */,
				E5CB26B418641B67004C16D3 /* Picker */,
				E5CB26B518641B78004C16D3 /* Assets */,
				E5CB26B618641B81004C16D3 /* Camera */,
				E5CB26BA18641BD9004C16D3 /* Filters */,
				E5CB26B918641BB7004C16D3 /* Filter Editor */,
				E5CB26B818641BA7004C16D3 /* Gallery */,
				E5CB26B718641B9B004C16D3 /* Crop */,
				E58DA5A2184339C100D60BBC /* Images.xcassets */,
				E57AC36E18618D8E00BDE659 /* Resources */,
				E58DA58B184339C100D60BBC /* Supporting Files */,
			);
			path = PickerDemo;
			sourceTree = "<group>";
		};
		E58DA58B184339C100D60BBC /* Supporting Files */ = {
			isa = PBXGroup;
			children = (
				E58DA58C184339C100D60BBC /* PickerDemo-Info.plist */,
				E58DA58D184339C100D60BBC /* InfoPlist.strings */,
				E58DA590184339C100D60BBC /* main.m */,
				E58DA592184339C100D60BBC /* PickerDemo-Prefix.pch */,
			);
			name = "Supporting Files";
			sourceTree = "<group>";
		};
		E5CB26B418641B67004C16D3 /* Picker */ = {
			isa = PBXGroup;
			children = (
				E57AC36818618D8E00BDE659 /* PickerTestsViewController.h */,
				E57AC36918618D8E00BDE659 /* PickerTestsViewController.m */,
			);
			name = Picker;
			sourceTree = "<group>";
		};
		E5CB26B518641B78004C16D3 /* Assets */ = {
			isa = PBXGroup;
			children = (
				E57AC36618618D8E00BDE659 /* LibraryViewController.h */,
				E57AC36718618D8E00BDE659 /* LibraryViewController.m */,
				E57AC35718618D8E00BDE659 /* AssetsGroupViewController.h */,
				E57AC35818618D8E00BDE659 /* AssetsGroupViewController.m */,
				E57AC35F18618D8E00BDE659 /* CustomAssetsGroupView.xib */,
				E57AC36018618D8E00BDE659 /* CustomAssetThumbnailView.xib */,
			);
			name = Assets;
			sourceTree = "<group>";
		};
		E5CB26B618641B81004C16D3 /* Camera */ = {
			isa = PBXGroup;
			children = (
				E57AC35918618D8E00BDE659 /* CameraViewController.h */,
				E57AC35A18618D8E00BDE659 /* CameraViewController.m */,
			);
			name = Camera;
			sourceTree = "<group>";
		};
		E5CB26B718641B9B004C16D3 /* Crop */ = {
			isa = PBXGroup;
			children = (
				E57AC35C18618D8E00BDE659 /* CropViewController.h */,
				E57AC35D18618D8E00BDE659 /* CropViewController.m */,
			);
			name = Crop;
			sourceTree = "<group>";
		};
		E5CB26B818641BA7004C16D3 /* Gallery */ = {
			isa = PBXGroup;
			children = (
				E57AC36318618D8E00BDE659 /* GalleryViewController.h */,
				E57AC36418618D8E00BDE659 /* GalleryViewController.m */,
			);
			name = Gallery;
			sourceTree = "<group>";
		};
		E5CB26B918641BB7004C16D3 /* Filter Editor */ = {
			isa = PBXGroup;
			children = (
				E57AC35418618D8E00BDE659 /* AdjustFilterViewController.h */,
				E57AC35518618D8E00BDE659 /* AdjustFilterViewController.m */,
				E58078D719FF9790008819CA /* AdjustFilterViewController.xib */,
				E57AC35318618D8E00BDE659 /* AdjustFilterViewController_iPad.xib */,
				E57AC34F18618D8E00BDE659 /* AdjustFilterButtonCell.xib */,
				E57AC35018618D8E00BDE659 /* AdjustFilterSliderCell.xib */,
				E57AC35118618D8E00BDE659 /* AdjustFilterSwitchCell.xib */,
				E57AC35218618D8E00BDE659 /* AdjustFilterTitleCell.xib */,
			);
			name = "Filter Editor";
			sourceTree = "<group>";
		};
		E5CB26BA18641BD9004C16D3 /* Filters */ = {
			isa = PBXGroup;
			children = (
				E57AC36118618D8E00BDE659 /* CustomGPUImageFilterProvider.h */,
				E57AC36218618D8E00BDE659 /* CustomGPUImageFilterProvider.m */,
				E57AC36B18618D8E00BDE659 /* PresetFilterViewController.h */,
				E57AC36C18618D8E00BDE659 /* PresetFilterViewController.m */,
			);
			name = Filters;
			sourceTree = "<group>";
		};
/* End PBXGroup section */

/* Begin PBXNativeTarget section */
		E58DA580184339C100D60BBC /* PickerDemo */ = {
			isa = PBXNativeTarget;
			buildConfigurationList = E58DA5B9184339C100D60BBC /* Build configuration list for PBXNativeTarget "PickerDemo" */;
			buildPhases = (
				97D1299EDB164AF58B312BD8 /* Check Pods Manifest.lock */,
				E58DA57D184339C100D60BBC /* Sources */,
				E58DA57E184339C100D60BBC /* Frameworks */,
				E58DA57F184339C100D60BBC /* Resources */,
				DA7F503918FC4D90A421B067 /* Copy Pods Resources */,
			);
			buildRules = (
			);
			dependencies = (
			);
			name = PickerDemo;
			productName = PickerDemo;
			productReference = E58DA581184339C100D60BBC /* PickerDemo.app */;
			productType = "com.apple.product-type.application";
		};
/* End PBXNativeTarget section */

/* Begin PBXProject section */
		E58DA579184339C100D60BBC /* Project object */ = {
			isa = PBXProject;
			attributes = {
				LastUpgradeCheck = 0510;
				ORGANIZATIONNAME = "CyberAgent Inc.";
				TargetAttributes = {
					E58DA580184339C100D60BBC = {
						DevelopmentTeam = G7FH63PE76;
					};
				};
			};
			buildConfigurationList = E58DA57C184339C100D60BBC /* Build configuration list for PBXProject "PickerDemo" */;
			compatibilityVersion = "Xcode 3.2";
			developmentRegion = English;
			hasScannedForEncodings = 0;
			knownRegions = (
				en,
				Base,
				ja,
			);
			mainGroup = E58DA578184339C100D60BBC;
			productRefGroup = E58DA582184339C100D60BBC /* Products */;
			projectDirPath = "";
			projectRoot = "";
			targets = (
				E58DA580184339C100D60BBC /* PickerDemo */,
			);
		};
/* End PBXProject section */

/* Begin PBXResourcesBuildPhase section */
		E58DA57F184339C100D60BBC /* Resources */ = {
			isa = PBXResourcesBuildPhase;
			buildActionMask = 2147483647;
			files = (
				E57AC39218618D8E00BDE659 /* CustomAssetsGroupView.xib in Resources */,
				E57AC3B118618D8E00BDE659 /* RJ30.acv in Resources */,
				E57AC3A718618D8E00BDE659 /* RJ20.acv in Resources */,
				E57AC39D18618D8E00BDE659 /* FA_Curves2.acv in Resources */,
				E57AC3AC18618D8E00BDE659 /* RJ25.acv in Resources */,
				E57AC3A418618D8E00BDE659 /* RJ17.acv in Resources */,
				E57AC39F18618D8E00BDE659 /* frame.png in Resources */,
				E57AC3A518618D8E00BDE659 /* RJ18.acv in Resources */,
				E57AC38818618D8E00BDE659 /* AdjustFilterSwitchCell.xib in Resources */,
				E57AC3AD18618D8E00BDE659 /* RJ26.acv in Resources */,
				E57AC3A218618D8E00BDE659 /* photo_hires.jpg in Resources */,
				E57AC38A18618D8E00BDE659 /* AdjustFilterViewController_iPad.xib in Resources */,
				E57AC38718618D8E00BDE659 /* AdjustFilterSliderCell.xib in Resources */,
				E57AC3A618618D8E00BDE659 /* RJ19.acv in Resources */,
				E57AC3B218618D8E00BDE659 /* Toy.acv in Resources */,
				E57AC3A118618D8E00BDE659 /* photo.jpg in Resources */,
				E57AC3AA18618D8E00BDE659 /* RJ23.acv in Resources */,
				E57AC38918618D8E00BDE659 /* AdjustFilterTitleCell.xib in Resources */,
				E57AC3AB18618D8E00BDE659 /* RJ24.acv in Resources */,
				E57AC38618618D8E00BDE659 /* AdjustFilterButtonCell.xib in Resources */,
				E57AC3AF18618D8E00BDE659 /* RJ28.acv in Resources */,
				E58078D819FF9790008819CA /* AdjustFilterViewController.xib in Resources */,
				E57AC3A018618D8E00BDE659 /* Old.acv in Resources */,
				E57AC3AE18618D8E00BDE659 /* RJ27.acv in Resources */,
				E58DA5A3184339C100D60BBC /* Images.xcassets in Resources */,
				E58DA598184339C100D60BBC /* Main.storyboard in Resources */,
				E58DA58F184339C100D60BBC /* InfoPlist.strings in Resources */,
				E57AC3A318618D8E00BDE659 /* RJ16.acv in Resources */,
				E57AC39C18618D8E00BDE659 /* FA_Curves1.acv in Resources */,
				E57AC39E18618D8E00BDE659 /* FA_Curves3.acv in Resources */,
				E57AC39318618D8E00BDE659 /* CustomAssetThumbnailView.xib in Resources */,
				E57AC3A818618D8E00BDE659 /* RJ21.acv in Resources */,
				E57AC3A918618D8E00BDE659 /* RJ22.acv in Resources */,
				E57AC3B018618D8E00BDE659 /* RJ29.acv in Resources */,
			);
			runOnlyForDeploymentPostprocessing = 0;
		};
/* End PBXResourcesBuildPhase section */

/* Begin PBXShellScriptBuildPhase section */
		97D1299EDB164AF58B312BD8 /* Check Pods Manifest.lock */ = {
			isa = PBXShellScriptBuildPhase;
			buildActionMask = 2147483647;
			files = (
			);
			inputPaths = (
			);
			name = "Check Pods Manifest.lock";
			outputPaths = (
			);
			runOnlyForDeploymentPostprocessing = 0;
			shellPath = /bin/sh;
			shellScript = "diff \"${PODS_ROOT}/../Podfile.lock\" \"${PODS_ROOT}/Manifest.lock\" > /dev/null\nif [[ $? != 0 ]] ; then\n    cat << EOM\nerror: The sandbox is not in sync with the Podfile.lock. Run 'pod install' or update your CocoaPods installation.\nEOM\n    exit 1\nfi\n";
			showEnvVarsInLog = 0;
		};
		DA7F503918FC4D90A421B067 /* Copy Pods Resources */ = {
			isa = PBXShellScriptBuildPhase;
			buildActionMask = 2147483647;
			files = (
			);
			inputPaths = (
			);
			name = "Copy Pods Resources";
			outputPaths = (
			);
			runOnlyForDeploymentPostprocessing = 0;
			shellPath = /bin/sh;
			shellScript = "\"${SRCROOT}/Pods/Target Support Files/Pods/Pods-resources.sh\"\n";
			showEnvVarsInLog = 0;
		};
/* End PBXShellScriptBuildPhase section */

/* Begin PBXSourcesBuildPhase section */
		E58DA57D184339C100D60BBC /* Sources */ = {
			isa = PBXSourcesBuildPhase;
			buildActionMask = 2147483647;
			files = (
				E57AC38E18618D8E00BDE659 /* CameraViewController.m in Sources */,
				E57AC39518618D8E00BDE659 /* GalleryViewController.m in Sources */,
				E57AC39818618D8E00BDE659 /* PickerTestsViewController.m in Sources */,
				E58DA595184339C100D60BBC /* AppDelegate.m in Sources */,
				E57AC39A18618D8E00BDE659 /* PresetFilterViewController.m in Sources */,
				E57AC39718618D8E00BDE659 /* LibraryViewController.m in Sources */,
				E57AC38D18618D8E00BDE659 /* AssetsGroupViewController.m in Sources */,
				E58DA591184339C100D60BBC /* main.m in Sources */,
				E57AC39018618D8E00BDE659 /* CropViewController.m in Sources */,
				E57AC38B18618D8E00BDE659 /* AdjustFilterViewController.m in Sources */,
				E57AC39418618D8E00BDE659 /* CustomGPUImageFilterProvider.m in Sources */,
			);
			runOnlyForDeploymentPostprocessing = 0;
		};
/* End PBXSourcesBuildPhase section */

/* Begin PBXVariantGroup section */
		E58DA58D184339C100D60BBC /* InfoPlist.strings */ = {
			isa = PBXVariantGroup;
			children = (
				E58DA58E184339C100D60BBC /* en */,
				E57FDDF519CAC50A0011B4E5 /* ja */,
			);
			name = InfoPlist.strings;
			sourceTree = "<group>";
		};
		E58DA596184339C100D60BBC /* Main.storyboard */ = {
			isa = PBXVariantGroup;
			children = (
				E58DA5BF18433FA900D60BBC /* en */,
			);
			name = Main.storyboard;
			sourceTree = "<group>";
		};
/* End PBXVariantGroup section */

/* Begin XCBuildConfiguration section */
		E58DA5B7184339C100D60BBC /* Debug */ = {
			isa = XCBuildConfiguration;
			buildSettings = {
				ALWAYS_SEARCH_USER_PATHS = NO;
				CLANG_CXX_LANGUAGE_STANDARD = "gnu++0x";
				CLANG_CXX_LIBRARY = "libc++";
				CLANG_ENABLE_MODULES = YES;
				CLANG_ENABLE_OBJC_ARC = YES;
				CLANG_WARN_BOOL_CONVERSION = YES;
				CLANG_WARN_CONSTANT_CONVERSION = YES;
				CLANG_WARN_DIRECT_OBJC_ISA_USAGE = YES_ERROR;
				CLANG_WARN_EMPTY_BODY = YES;
				CLANG_WARN_ENUM_CONVERSION = YES;
				CLANG_WARN_INT_CONVERSION = YES;
				CLANG_WARN_OBJC_ROOT_CLASS = YES_ERROR;
				CLANG_WARN__DUPLICATE_METHOD_MATCH = YES;
				"CODE_SIGN_IDENTITY[sdk=iphoneos*]" = "iPhone Developer";
				COPY_PHASE_STRIP = NO;
				GCC_C_LANGUAGE_STANDARD = gnu99;
				GCC_DYNAMIC_NO_PIC = NO;
				GCC_OPTIMIZATION_LEVEL = 0;
				GCC_PREPROCESSOR_DEFINITIONS = (
					"DEBUG=1",
					"$(inherited)",
				);
				GCC_SYMBOLS_PRIVATE_EXTERN = NO;
				GCC_WARN_64_TO_32_BIT_CONVERSION = YES;
				GCC_WARN_ABOUT_RETURN_TYPE = YES_ERROR;
				GCC_WARN_UNDECLARED_SELECTOR = YES;
				GCC_WARN_UNINITIALIZED_AUTOS = YES;
				GCC_WARN_UNUSED_FUNCTION = YES;
				GCC_WARN_UNUSED_VARIABLE = YES;
				IPHONEOS_DEPLOYMENT_TARGET = 5.0;
				ONLY_ACTIVE_ARCH = YES;
				SDKROOT = iphoneos;
				TARGETED_DEVICE_FAMILY = "1,2";
			};
			name = Debug;
		};
		E58DA5B8184339C100D60BBC /* Release */ = {
			isa = XCBuildConfiguration;
			buildSettings = {
				ALWAYS_SEARCH_USER_PATHS = NO;
				CLANG_CXX_LANGUAGE_STANDARD = "gnu++0x";
				CLANG_CXX_LIBRARY = "libc++";
				CLANG_ENABLE_MODULES = YES;
				CLANG_ENABLE_OBJC_ARC = YES;
				CLANG_WARN_BOOL_CONVERSION = YES;
				CLANG_WARN_CONSTANT_CONVERSION = YES;
				CLANG_WARN_DIRECT_OBJC_ISA_USAGE = YES_ERROR;
				CLANG_WARN_EMPTY_BODY = YES;
				CLANG_WARN_ENUM_CONVERSION = YES;
				CLANG_WARN_INT_CONVERSION = YES;
				CLANG_WARN_OBJC_ROOT_CLASS = YES_ERROR;
				CLANG_WARN__DUPLICATE_METHOD_MATCH = YES;
				"CODE_SIGN_IDENTITY[sdk=iphoneos*]" = "iPhone Distribution";
				COPY_PHASE_STRIP = YES;
				ENABLE_NS_ASSERTIONS = NO;
				GCC_C_LANGUAGE_STANDARD = gnu99;
				GCC_WARN_64_TO_32_BIT_CONVERSION = YES;
				GCC_WARN_ABOUT_RETURN_TYPE = YES_ERROR;
				GCC_WARN_UNDECLARED_SELECTOR = YES;
				GCC_WARN_UNINITIALIZED_AUTOS = YES;
				GCC_WARN_UNUSED_FUNCTION = YES;
				GCC_WARN_UNUSED_VARIABLE = YES;
				IPHONEOS_DEPLOYMENT_TARGET = 5.0;
				SDKROOT = iphoneos;
				TARGETED_DEVICE_FAMILY = "1,2";
				VALIDATE_PRODUCT = YES;
			};
			name = Release;
		};
		E58DA5BA184339C100D60BBC /* Debug */ = {
			isa = XCBuildConfiguration;
			baseConfigurationReference = F4561B72539D02C0EFDD6055 /* Pods.debug.xcconfig */;
			buildSettings = {
				ASSETCATALOG_COMPILER_APPICON_NAME = AppIcon;
				ASSETCATALOG_COMPILER_LAUNCHIMAGE_NAME = LaunchImage;
				CODE_SIGN_IDENTITY = "iPhone Developer";
				"CODE_SIGN_IDENTITY[sdk=iphoneos*]" = "iPhone Developer: Ernesto Rivera (486KPGRDM4)";
				GCC_PRECOMPILE_PREFIX_HEADER = YES;
				GCC_PREFIX_HEADER = "PickerDemo/PickerDemo-Prefix.pch";
				INFOPLIST_FILE = "PickerDemo/PickerDemo-Info.plist";
				PRODUCT_NAME = "$(TARGET_NAME)";
				PROVISIONING_PROFILE = "";
				WRAPPER_EXTENSION = app;
			};
			name = Debug;
		};
		E58DA5BB184339C100D60BBC /* Release */ = {
			isa = XCBuildConfiguration;
			baseConfigurationReference = EBDDA42323D60D362D548DDD /* Pods.release.xcconfig */;
			buildSettings = {
				ASSETCATALOG_COMPILER_APPICON_NAME = AppIcon;
				ASSETCATALOG_COMPILER_LAUNCHIMAGE_NAME = LaunchImage;
				CODE_SIGN_IDENTITY = "iPhone Developer";
				"CODE_SIGN_IDENTITY[sdk=iphoneos*]" = "iPhone Developer";
				GCC_PRECOMPILE_PREFIX_HEADER = YES;
				GCC_PREFIX_HEADER = "PickerDemo/PickerDemo-Prefix.pch";
				GCC_PREPROCESSOR_DEFINITIONS = (
					"$(inherited)",
					"TESTING=1",
				);
				INFOPLIST_FILE = "PickerDemo/PickerDemo-Info.plist";
				PRODUCT_NAME = "$(TARGET_NAME)";
				PROVISIONING_PROFILE = "";
				WRAPPER_EXTENSION = app;
			};
			name = Release;
		};
/* End XCBuildConfiguration section */

/* Begin XCConfigurationList section */
		E58DA57C184339C100D60BBC /* Build configuration list for PBXProject "PickerDemo" */ = {
			isa = XCConfigurationList;
			buildConfigurations = (
				E58DA5B7184339C100D60BBC /* Debug */,
				E58DA5B8184339C100D60BBC /* Release */,
			);
			defaultConfigurationIsVisible = 0;
			defaultConfigurationName = Release;
		};
		E58DA5B9184339C100D60BBC /* Build configuration list for PBXNativeTarget "PickerDemo" */ = {
			isa = XCConfigurationList;
			buildConfigurations = (
				E58DA5BA184339C100D60BBC /* Debug */,
				E58DA5BB184339C100D60BBC /* Release */,
			);
			defaultConfigurationIsVisible = 0;
			defaultConfigurationName = Release;
		};
/* End XCConfigurationList section */
	};
	rootObject = E58DA579184339C100D60BBC /* Project object */;
}
