PODS:
  - CocoaLumberjack (1.8.1):
    - CocoaLumberjack/Extensions
  - CocoaLumberjack/Core (1.8.1)
  - CocoaLumberjack/Extensions (1.8.1):
    - CocoaLumberjack/Core
  - GPUImage (HEAD based on 0.1.2)
  - Lockbox (1.4.6)
  - LumberjackConsole (1.0.3):
    - CocoaLumberjack (>= 1.6.4)
    - LumberjackConsole/AdjustLevels
    - LumberjackConsole/Base
    - LumberjackConsole/Base
    - NBUCore (>= 2.0.0)
  - LumberjackConsole/AdjustLevels (1.0.3):
    - CocoaLumberjack (>= 1.6.4)
    - LumberjackConsole/Base
    - NBUCore (>= 2.0.0)
  - LumberjackConsole/Base (1.0.3):
    - CocoaLumberjack (>= 1.6.4)
    - LumberjackConsole/Base
    - NBUCore (>= 2.0.0)
  - MotionOrientation@PTEz (1.0.0)
  - NBUCore (2.0.0)
  - NBUImagePicker (1.2.0):
    - NBUImagePicker/Assets
    - NBUImagePicker/Base
    - NBUImagePicker/Camera
    - NBUImagePicker/Filters
    - NBUImagePicker/Gallery
    - NBUImagePicker/Image
    - NBUImagePicker/MediaInfo
    - NBUImagePicker/Picker
    - NBUImagePicker/Resources
    - NBUKit (>= 2.1.0)
  - NBUImagePicker/Assets (1.2.0):
    - NBUImagePicker/Base
    - NBUKit (>= 2.1.0)
  - NBUImagePicker/Base (1.2.0):
    - NBUKit (>= 2.1.0)
  - NBUImagePicker/Camera (1.2.0):
    - NBUImagePicker/Assets
    - NBUKit (>= 2.1.0)
    - RBVolumeButtons
  - NBUImagePicker/Filters (1.2.0):
    - GPUImage (>= 0.1.2)
    - NBUImagePicker/Base
    - NBUKit (>= 2.1.0)
  - NBUImagePicker/Gallery (1.2.0):
    - NBUImagePicker/Assets
    - NBUImagePicker/MediaInfo
    - NBUKit (>= 2.1.0)
  - NBUImagePicker/Image (1.2.0):
    - NBUImagePicker/MediaInfo
    - NBUKit (>= 2.1.0)
  - NBUImagePicker/MediaInfo (1.2.0):
    - NBUImagePicker/Assets
    - NBUKit (>= 2.1.0)
  - NBUImagePicker/Picker (1.2.0):
    - NBUImagePicker/Camera
    - NBUImagePicker/Gallery
    - NBUImagePicker/Image
    - NBUImagePicker/Resources
    - NBUKit (>= 2.1.0)
  - NBUImagePicker/Resources (1.2.0):
    - NBUKit (>= 2.1.0)
  - NBUKit (2.1.0):
    - Lockbox (>= 1.4.6)
    - NBUCore (>= 2.0.0)
    - NBUKit/Additions
    - NBUKit/Base
    - NBUKit/Library
    - NBUKit/UI
  - NBUKit/Additions (2.1.0):
    - Lockbox (>= 1.4.6)
    - NBUCore (>= 2.0.0)
    - NBUKit/Base
  - NBUKit/Base (2.1.0):
    - Lockbox (>= 1.4.6)
    - NBUCore (>= 2.0.0)
  - NBUKit/Library (2.1.0):
    - Lockbox (>= 1.4.6)
    - NBUCore (>= 2.0.0)
    - NBUKit/Base
    - NBUKit/Library/NBUCompatibility
    - NBUKit/Library/RestKit Support
  - NBUKit/Library/NBUCompatibility (2.1.0):
    - Lockbox (>= 1.4.6)
    - NBUCore (>= 2.0.0)
    - NBUKit/Base
    - NBUKit/UI
  - NBUKit/Library/RestKit Support (2.1.0):
    - Lockbox (>= 1.4.6)
    - NBUCore (>= 2.0.0)
    - NBUKit/Base
  - NBUKit/UI (2.1.0):
    - Lockbox (>= 1.4.6)
    - MotionOrientation@PTEz (>= 1.0.0)
    - NBUCore (>= 2.0.0)
    - NBUKit/Additions
    - NBUKit/Library/NBUCompatibility
    - NBUKit/Library/RestKit Support
  - NBULog (1.0.5):
    - CocoaLumberjack (>= 1.6.5)
    - NBUCore (>= 2.0.0)
  - RBVolumeButtons (0.0.1)

DEPENDENCIES:
  - GPUImage (HEAD)
  - LumberjackConsole
  - NBUImagePicker (from `../`)
  - NBULog

EXTERNAL SOURCES:
  NBUImagePicker:
    :path: ../

SPEC CHECKSUMS:
  CocoaLumberjack: 020378ec400d658923bf5887178394f65f052c90
  GPUImage: 007145faa0e27f1ddbcab93e07f026c9776e2fa2
  Lockbox: 56ac5c11e51d46baa4408960a5a35b355a32840e
  LumberjackConsole: 1ce794a493503ae8401adde56e70467c7e317951
  MotionOrientation@PTEz: 0b987d39639b13ce2769f6dc6f96f59783ca8786
  NBUCore: 66e33f9426cbefb5ca88f3228cfc2dd36eac6e71
  NBUImagePicker: e298c79adbd577d63a40244f87d53468743b866e
  NBUKit: e13f4ef5921e3fe8b4a5282f994c81b17df9a84e
  NBULog: 1d8f4f214727199a2a62fb9f4884a0fc06d04bd4
  RBVolumeButtons: 8fc67cc874d6dfa1808f61c91e9931ccabe52ae0

COCOAPODS: 0.29.0
